{
  "name": "hu-tp-40-001",
  "version": "1.0.0",
  "lockfileVersion": 3,
  "requires": true,
  "packages": {
    "": {
      "name": "hu-tp-40-001",
      "version": "1.0.0",
      "license": "ISC",
      "dependencies": {
        "hu-tp-40-001": "file:"
      }
    },
    "node_modules/hu-tp-40-001": {
      "resolved": "",
      "link": true
    }
  }
}
